// !$*UTF8*$!
{
	archiveVersion = 1;
	classes = {
	};
	objectVersion = 50;
	objects = {

/* Begin PBXBuildFile section */
		1238EA7D23C7739300328850 /* AppDelegate.swift in Sources */ = {isa = PBXBuildFile; fileRef = 1238EA7C23C7739300328850 /* AppDelegate.swift */; };
		1238EA8323C7739B00328850 /* Assets.xcassets in Resources */ = {isa = PBXBuildFile; fileRef = 1238EA8223C7739B00328850 /* Assets.xcassets */; };
		1238EA8623C7739B00328850 /* Preview Assets.xcassets in Resources */ = {isa = PBXBuildFile; fileRef = 1238EA8523C7739B00328850 /* Preview Assets.xcassets */; };
		1238EA8923C7739B00328850 /* LaunchScreen.storyboard in Resources */ = {isa = PBXBuildFile; fileRef = 1238EA8723C7739B00328850 /* LaunchScreen.storyboard */; };
		1238EA9423C7739C00328850 /* NewsApp2Tests.swift in Sources */ = {isa = PBXBuildFile; fileRef = 1238EA9323C7739C00328850 /* NewsApp2Tests.swift */; };
		1238EA9F23C7739C00328850 /* NewsApp2UITests.swift in Sources */ = {isa = PBXBuildFile; fileRef = 1238EA9E23C7739C00328850 /* NewsApp2UITests.swift */; };
		1238EAAF23C774BE00328850 /* NewsList.swift in Sources */ = {isa = PBXBuildFile; fileRef = 1238EAAE23C774BE00328850 /* NewsList.swift */; };
		1238EAB223C7761000328850 /* NewsListCell.swift in Sources */ = {isa = PBXBuildFile; fileRef = 1238EAB123C7761000328850 /* NewsListCell.swift */; };
		1238EAB523C7787300328850 /* Articles.swift in Sources */ = {isa = PBXBuildFile; fileRef = 1238EAB423C7787300328850 /* Articles.swift */; };
		1290B73823DD0CC2001B9792 /* WebServices.swift in Sources */ = {isa = PBXBuildFile; fileRef = 1290B73723DD0CC2001B9792 /* WebServices.swift */; };
		1290B73A23DD0F74001B9792 /* Recommended.swift in Sources */ = {isa = PBXBuildFile; fileRef = 1290B73923DD0F74001B9792 /* Recommended.swift */; };
		1290B73C23DD0F92001B9792 /* FavouriteArticles.swift in Sources */ = {isa = PBXBuildFile; fileRef = 1290B73B23DD0F92001B9792 /* FavouriteArticles.swift */; };
		1290B73E23DD0F9E001B9792 /* Settings.swift in Sources */ = {isa = PBXBuildFile; fileRef = 1290B73D23DD0F9E001B9792 /* Settings.swift */; };
		12A79CBE23DC867900E88FAE /* ArticleViewModel.swift in Sources */ = {isa = PBXBuildFile; fileRef = 12A79CBD23DC867900E88FAE /* ArticleViewModel.swift */; };
		12BDA80223DD13180040F189 /* TabBarController.swift in Sources */ = {isa = PBXBuildFile; fileRef = 12BDA80123DD13180040F189 /* TabBarController.swift */; };
		12C2E7F323EC24E700B6A67F /* SettingsCell.swift in Sources */ = {isa = PBXBuildFile; fileRef = 12C2E7F223EC24E700B6A67F /* SettingsCell.swift */; };
/* End PBXBuildFile section */

/* Begin PBXContainerItemProxy section */
		1238EA9023C7739B00328850 /* PBXContainerItemProxy */ = {
			isa = PBXContainerItemProxy;
			containerPortal = 1238EA7123C7739200328850 /* Project object */;
			proxyType = 1;
			remoteGlobalIDString = 1238EA7823C7739200328850;
			remoteInfo = NewsApp2;
		};
		1238EA9B23C7739C00328850 /* PBXContainerItemProxy */ = {
			isa = PBXContainerItemProxy;
			containerPortal = 1238EA7123C7739200328850 /* Project object */;
			proxyType = 1;
			remoteGlobalIDString = 1238EA7823C7739200328850;
			remoteInfo = NewsApp2;
		};
/* End PBXContainerItemProxy section */

/* Begin PBXFileReference section */
		1238EA7923C7739300328850 /* NewsApp2.app */ = {isa = PBXFileReference; explicitFileType = wrapper.application; includeInIndex = 0; path = NewsApp2.app; sourceTree = BUILT_PRODUCTS_DIR; };
		1238EA7C23C7739300328850 /* AppDelegate.swift */ = {isa = PBXFileReference; lastKnownFileType = sourcecode.swift; path = AppDelegate.swift; sourceTree = "<group>"; };
		1238EA8223C7739B00328850 /* Assets.xcassets */ = {isa = PBXFileReference; lastKnownFileType = folder.assetcatalog; path = Assets.xcassets; sourceTree = "<group>"; };
		1238EA8523C7739B00328850 /* Preview Assets.xcassets */ = {isa = PBXFileReference; lastKnownFileType = folder.assetcatalog; path = "Preview Assets.xcassets"; sourceTree = "<group>"; };
		1238EA8823C7739B00328850 /* Base */ = {isa = PBXFileReference; lastKnownFileType = file.storyboard; name = Base; path = Base.lproj/LaunchScreen.storyboard; sourceTree = "<group>"; };
		1238EA8A23C7739B00328850 /* Info.plist */ = {isa = PBXFileReference; lastKnownFileType = text.plist.xml; path = Info.plist; sourceTree = "<group>"; };
		1238EA8F23C7739B00328850 /* NewsApp2Tests.xctest */ = {isa = PBXFileReference; explicitFileType = wrapper.cfbundle; includeInIndex = 0; path = NewsApp2Tests.xctest; sourceTree = BUILT_PRODUCTS_DIR; };
		1238EA9323C7739C00328850 /* NewsApp2Tests.swift */ = {isa = PBXFileReference; lastKnownFileType = sourcecode.swift; path = NewsApp2Tests.swift; sourceTree = "<group>"; };
		1238EA9523C7739C00328850 /* Info.plist */ = {isa = PBXFileReference; lastKnownFileType = text.plist.xml; path = Info.plist; sourceTree = "<group>"; };
		1238EA9A23C7739C00328850 /* NewsApp2UITests.xctest */ = {isa = PBXFileReference; explicitFileType = wrapper.cfbundle; includeInIndex = 0; path = NewsApp2UITests.xctest; sourceTree = BUILT_PRODUCTS_DIR; };
		1238EA9E23C7739C00328850 /* NewsApp2UITests.swift */ = {isa = PBXFileReference; lastKnownFileType = sourcecode.swift; path = NewsApp2UITests.swift; sourceTree = "<group>"; };
		1238EAA023C7739C00328850 /* Info.plist */ = {isa = PBXFileReference; lastKnownFileType = text.plist.xml; path = Info.plist; sourceTree = "<group>"; };
		1238EAAE23C774BE00328850 /* NewsList.swift */ = {isa = PBXFileReference; lastKnownFileType = sourcecode.swift; path = NewsList.swift; sourceTree = "<group>"; };
		1238EAB123C7761000328850 /* NewsListCell.swift */ = {isa = PBXFileReference; lastKnownFileType = sourcecode.swift; path = NewsListCell.swift; sourceTree = "<group>"; };
		1238EAB423C7787300328850 /* Articles.swift */ = {isa = PBXFileReference; lastKnownFileType = sourcecode.swift; path = Articles.swift; sourceTree = "<group>"; };
		1290B73723DD0CC2001B9792 /* WebServices.swift */ = {isa = PBXFileReference; lastKnownFileType = sourcecode.swift; path = WebServices.swift; sourceTree = "<group>"; };
		1290B73923DD0F74001B9792 /* Recommended.swift */ = {isa = PBXFileReference; lastKnownFileType = sourcecode.swift; path = Recommended.swift; sourceTree = "<group>"; };
		1290B73B23DD0F92001B9792 /* FavouriteArticles.swift */ = {isa = PBXFileReference; lastKnownFileType = sourcecode.swift; path = FavouriteArticles.swift; sourceTree = "<group>"; };
		1290B73D23DD0F9E001B9792 /* Settings.swift */ = {isa = PBXFileReference; lastKnownFileType = sourcecode.swift; path = Settings.swift; sourceTree = "<group>"; };
		12A79CBD23DC867900E88FAE /* ArticleViewModel.swift */ = {isa = PBXFileReference; lastKnownFileType = sourcecode.swift; path = ArticleViewModel.swift; sourceTree = "<group>"; };
		12BDA80123DD13180040F189 /* TabBarController.swift */ = {isa = PBXFileReference; lastKnownFileType = sourcecode.swift; path = TabBarController.swift; sourceTree = "<group>"; };
		12C2E7F223EC24E700B6A67F /* SettingsCell.swift */ = {isa = PBXFileReference; lastKnownFileType = sourcecode.swift; path = SettingsCell.swift; sourceTree = "<group>"; };
/* End PBXFileReference section */

/* Begin PBXFrameworksBuildPhase section */
		1238EA7623C7739200328850 /* Frameworks */ = {
			isa = PBXFrameworksBuildPhase;
			buildActionMask = 2147483647;
			files = (
			);
			runOnlyForDeploymentPostprocessing = 0;
		};
		1238EA8C23C7739B00328850 /* Frameworks */ = {
			isa = PBXFrameworksBuildPhase;
			buildActionMask = 2147483647;
			files = (
			);
			runOnlyForDeploymentPostprocessing = 0;
		};
		1238EA9723C7739C00328850 /* Frameworks */ = {
			isa = PBXFrameworksBuildPhase;
			buildActionMask = 2147483647;
			files = (
			);
			runOnlyForDeploymentPostprocessing = 0;
		};
/* End PBXFrameworksBuildPhase section */

/* Begin PBXGroup section */
		1238EA7023C7739200328850 = {
			isa = PBXGroup;
			children = (
				1238EA7B23C7739300328850 /* NewsApp2 */,
				1238EA9223C7739C00328850 /* NewsApp2Tests */,
				1238EA9D23C7739C00328850 /* NewsApp2UITests */,
				1238EA7A23C7739300328850 /* Products */,
			);
			sourceTree = "<group>";
		};
		1238EA7A23C7739300328850 /* Products */ = {
			isa = PBXGroup;
			children = (
				1238EA7923C7739300328850 /* NewsApp2.app */,
				1238EA8F23C7739B00328850 /* NewsApp2Tests.xctest */,
				1238EA9A23C7739C00328850 /* NewsApp2UITests.xctest */,
			);
			name = Products;
			sourceTree = "<group>";
		};
		1238EA7B23C7739300328850 /* NewsApp2 */ = {
			isa = PBXGroup;
			children = (
				1238EA7C23C7739300328850 /* AppDelegate.swift */,
				1238EAB323C7782500328850 /* Models */,
				12A79CBF23DC868300E88FAE /* ViewModel */,
				1290B73623DD0CB4001B9792 /* Services */,
				1238EAAC23C7747800328850 /* Controllers */,
				1238EAB023C775F500328850 /* Cells */,
				1238EA8223C7739B00328850 /* Assets.xcassets */,
				1238EA8723C7739B00328850 /* LaunchScreen.storyboard */,
				1238EA8A23C7739B00328850 /* Info.plist */,
				1238EA8423C7739B00328850 /* Preview Content */,
			);
			path = NewsApp2;
			sourceTree = "<group>";
		};
		1238EA8423C7739B00328850 /* Preview Content */ = {
			isa = PBXGroup;
			children = (
				1238EA8523C7739B00328850 /* Preview Assets.xcassets */,
			);
			path = "Preview Content";
			sourceTree = "<group>";
		};
		1238EA9223C7739C00328850 /* NewsApp2Tests */ = {
			isa = PBXGroup;
			children = (
				1238EA9323C7739C00328850 /* NewsApp2Tests.swift */,
				1238EA9523C7739C00328850 /* Info.plist */,
			);
			path = NewsApp2Tests;
			sourceTree = "<group>";
		};
		1238EA9D23C7739C00328850 /* NewsApp2UITests */ = {
			isa = PBXGroup;
			children = (
				1238EA9E23C7739C00328850 /* NewsApp2UITests.swift */,
				1238EAA023C7739C00328850 /* Info.plist */,
			);
			path = NewsApp2UITests;
			sourceTree = "<group>";
		};
		1238EAAC23C7747800328850 /* Controllers */ = {
			isa = PBXGroup;
			children = (
				12BDA80123DD13180040F189 /* TabBarController.swift */,
				1238EAAE23C774BE00328850 /* NewsList.swift */,
				1290B73B23DD0F92001B9792 /* FavouriteArticles.swift */,
				1290B73923DD0F74001B9792 /* Recommended.swift */,
				1290B73D23DD0F9E001B9792 /* Settings.swift */,
			);
			path = Controllers;
			sourceTree = "<group>";
		};
		1238EAB023C775F500328850 /* Cells */ = {
			isa = PBXGroup;
			children = (
				1238EAB123C7761000328850 /* NewsListCell.swift */,
				12C2E7F223EC24E700B6A67F /* SettingsCell.swift */,
			);
			path = Cells;
			sourceTree = "<group>";
		};
		1238EAB323C7782500328850 /* Models */ = {
			isa = PBXGroup;
			children = (
				1238EAB423C7787300328850 /* Articles.swift */,
			);
			path = Models;
			sourceTree = "<group>";
		};
		1290B73623DD0CB4001B9792 /* Services */ = {
			isa = PBXGroup;
			children = (
				1290B73723DD0CC2001B9792 /* WebServices.swift */,
			);
			path = Services;
			sourceTree = "<group>";
		};
		12A79CBF23DC868300E88FAE /* ViewModel */ = {
			isa = PBXGroup;
			children = (
				12A79CBD23DC867900E88FAE /* ArticleViewModel.swift */,
			);
			path = ViewModel;
			sourceTree = "<group>";
		};
/* End PBXGroup section */

/* Begin PBXNativeTarget section */
		1238EA7823C7739200328850 /* NewsApp2 */ = {
			isa = PBXNativeTarget;
			buildConfigurationList = 1238EAA323C7739C00328850 /* Build configuration list for PBXNativeTarget "NewsApp2" */;
			buildPhases = (
				1238EA7523C7739200328850 /* Sources */,
				1238EA7623C7739200328850 /* Frameworks */,
				1238EA7723C7739200328850 /* Resources */,
			);
			buildRules = (
			);
			dependencies = (
			);
			name = NewsApp2;
			productName = NewsApp2;
			productReference = 1238EA7923C7739300328850 /* NewsApp2.app */;
			productType = "com.apple.product-type.application";
		};
		1238EA8E23C7739B00328850 /* NewsApp2Tests */ = {
			isa = PBXNativeTarget;
			buildConfigurationList = 1238EAA623C7739C00328850 /* Build configuration list for PBXNativeTarget "NewsApp2Tests" */;
			buildPhases = (
				1238EA8B23C7739B00328850 /* Sources */,
				1238EA8C23C7739B00328850 /* Frameworks */,
				1238EA8D23C7739B00328850 /* Resources */,
			);
			buildRules = (
			);
			dependencies = (
				1238EA9123C7739B00328850 /* PBXTargetDependency */,
			);
			name = NewsApp2Tests;
			productName = NewsApp2Tests;
			productReference = 1238EA8F23C7739B00328850 /* NewsApp2Tests.xctest */;
			productType = "com.apple.product-type.bundle.unit-test";
		};
		1238EA9923C7739C00328850 /* NewsApp2UITests */ = {
			isa = PBXNativeTarget;
			buildConfigurationList = 1238EAA923C7739C00328850 /* Build configuration list for PBXNativeTarget "NewsApp2UITests" */;
			buildPhases = (
				1238EA9623C7739C00328850 /* Sources */,
				1238EA9723C7739C00328850 /* Frameworks */,
				1238EA9823C7739C00328850 /* Resources */,
			);
			buildRules = (
			);
			dependencies = (
				1238EA9C23C7739C00328850 /* PBXTargetDependency */,
			);
			name = NewsApp2UITests;
			productName = NewsApp2UITests;
			productReference = 1238EA9A23C7739C00328850 /* NewsApp2UITests.xctest */;
			productType = "com.apple.product-type.bundle.ui-testing";
		};
/* End PBXNativeTarget section */

/* Begin PBXProject section */
		1238EA7123C7739200328850 /* Project object */ = {
			isa = PBXProject;
			attributes = {
				LastSwiftUpdateCheck = 1100;
				LastUpgradeCheck = 1100;
				ORGANIZATIONNAME = "Melvin Asare ";
				TargetAttributes = {
					1238EA7823C7739200328850 = {
						CreatedOnToolsVersion = 11.0;
					};
					1238EA8E23C7739B00328850 = {
						CreatedOnToolsVersion = 11.0;
						TestTargetID = 1238EA7823C7739200328850;
					};
					1238EA9923C7739C00328850 = {
						CreatedOnToolsVersion = 11.0;
						TestTargetID = 1238EA7823C7739200328850;
					};
				};
			};
			buildConfigurationList = 1238EA7423C7739200328850 /* Build configuration list for PBXProject "NewsApp2" */;
			compatibilityVersion = "Xcode 9.3";
			developmentRegion = en;
			hasScannedForEncodings = 0;
			knownRegions = (
				en,
				Base,
			);
			mainGroup = 1238EA7023C7739200328850;
			productRefGroup = 1238EA7A23C7739300328850 /* Products */;
			projectDirPath = "";
			projectRoot = "";
			targets = (
				1238EA7823C7739200328850 /* NewsApp2 */,
				1238EA8E23C7739B00328850 /* NewsApp2Tests */,
				1238EA9923C7739C00328850 /* NewsApp2UITests */,
			);
		};
/* End PBXProject section */

/* Begin PBXResourcesBuildPhase section */
		1238EA7723C7739200328850 /* Resources */ = {
			isa = PBXResourcesBuildPhase;
			buildActionMask = 2147483647;
			files = (
				1238EA8923C7739B00328850 /* LaunchScreen.storyboard in Resources */,
				1238EA8623C7739B00328850 /* Preview Assets.xcassets in Resources */,
				1238EA8323C7739B00328850 /* Assets.xcassets in Resources */,
			);
			runOnlyForDeploymentPostprocessing = 0;
		};
		1238EA8D23C7739B00328850 /* Resources */ = {
			isa = PBXResourcesBuildPhase;
			buildActionMask = 2147483647;
			files = (
			);
			runOnlyForDeploymentPostprocessing = 0;
		};
		1238EA9823C7739C00328850 /* Resources */ = {
			isa = PBXResourcesBuildPhase;
			buildActionMask = 2147483647;
			files = (
			);
			runOnlyForDeploymentPostprocessing = 0;
		};
/* End PBXResourcesBuildPhase section */

/* Begin PBXSourcesBuildPhase section */
		1238EA7523C7739200328850 /* Sources */ = {
			isa = PBXSourcesBuildPhase;
			buildActionMask = 2147483647;
			files = (
				1238EA7D23C7739300328850 /* AppDelegate.swift in Sources */,
				1238EAB223C7761000328850 /* NewsListCell.swift in Sources */,
				1290B73823DD0CC2001B9792 /* WebServices.swift in Sources */,
				12BDA80223DD13180040F189 /* TabBarController.swift in Sources */,
				1238EAAF23C774BE00328850 /* NewsList.swift in Sources */,
				1290B73A23DD0F74001B9792 /* Recommended.swift in Sources */,
				12A79CBE23DC867900E88FAE /* ArticleViewModel.swift in Sources */,
				1290B73E23DD0F9E001B9792 /* Settings.swift in Sources */,
				1290B73C23DD0F92001B9792 /* FavouriteArticles.swift in Sources */,
				1238EAB523C7787300328850 /* Articles.swift in Sources */,
				12C2E7F323EC24E700B6A67F /* SettingsCell.swift in Sources */,
			);
			runOnlyForDeploymentPostprocessing = 0;
		};
		1238EA8B23C7739B00328850 /* Sources */ = {
			isa = PBXSourcesBuildPhase;
			buildActionMask = 2147483647;
			files = (
				1238EA9423C7739C00328850 /* NewsApp2Tests.swift in Sources */,
			);
			runOnlyForDeploymentPostprocessing = 0;
		};
		1238EA9623C7739C00328850 /* Sources */ = {
			isa = PBXSourcesBuildPhase;
			buildActionMask = 2147483647;
			files = (
				1238EA9F23C7739C00328850 /* NewsApp2UITests.swift in Sources */,
			);
			runOnlyForDeploymentPostprocessing = 0;
		};
/* End PBXSourcesBuildPhase section */

/* Begin PBXTargetDependency section */
		1238EA9123C7739B00328850 /* PBXTargetDependency */ = {
			isa = PBXTargetDependency;
			target = 1238EA7823C7739200328850 /* NewsApp2 */;
			targetProxy = 1238EA9023C7739B00328850 /* PBXContainerItemProxy */;
		};
		1238EA9C23C7739C00328850 /* PBXTargetDependency */ = {
			isa = PBXTargetDependency;
			target = 1238EA7823C7739200328850 /* NewsApp2 */;
			targetProxy = 1238EA9B23C7739C00328850 /* PBXContainerItemProxy */;
		};
/* End PBXTargetDependency section */

/* Begin PBXVariantGroup section */
		1238EA8723C7739B00328850 /* LaunchScreen.storyboard */ = {
			isa = PBXVariantGroup;
			children = (
				1238EA8823C7739B00328850 /* Base */,
			);
			name = LaunchScreen.storyboard;
			sourceTree = "<group>";
		};
/* End PBXVariantGroup section */

/* Begin XCBuildConfiguration section */
		1238EAA123C7739C00328850 /* Debug */ = {
			isa = XCBuildConfiguration;
			buildSettings = {
				ALWAYS_SEARCH_USER_PATHS = NO;
				CLANG_ANALYZER_NONNULL = YES;
				CLANG_ANALYZER_NUMBER_OBJECT_CONVERSION = YES_AGGRESSIVE;
				CLANG_CXX_LANGUAGE_STANDARD = "gnu++14";
				CLANG_CXX_LIBRARY = "libc++";
				CLANG_ENABLE_MODULES = YES;
				CLANG_ENABLE_OBJC_ARC = YES;
				CLANG_ENABLE_OBJC_WEAK = YES;
				CLANG_WARN_BLOCK_CAPTURE_AUTORELEASING = YES;
				CLANG_WARN_BOOL_CONVERSION = YES;
				CLANG_WARN_COMMA = YES;
				CLANG_WARN_CONSTANT_CONVERSION = YES;
				CLANG_WARN_DEPRECATED_OBJC_IMPLEMENTATIONS = YES;
				CLANG_WARN_DIRECT_OBJC_ISA_USAGE = YES_ERROR;
				CLANG_WARN_DOCUMENTATION_COMMENTS = YES;
				CLANG_WARN_EMPTY_BODY = YES;
				CLANG_WARN_ENUM_CONVERSION = YES;
				CLANG_WARN_INFINITE_RECURSION = YES;
				CLANG_WARN_INT_CONVERSION = YES;
				CLANG_WARN_NON_LITERAL_NULL_CONVERSION = YES;
				CLANG_WARN_OBJC_IMPLICIT_RETAIN_SELF = YES;
				CLANG_WARN_OBJC_LITERAL_CONVERSION = YES;
				CLANG_WARN_OBJC_ROOT_CLASS = YES_ERROR;
				CLANG_WARN_RANGE_LOOP_ANALYSIS = YES;
				CLANG_WARN_STRICT_PROTOTYPES = YES;
				CLANG_WARN_SUSPICIOUS_MOVE = YES;
				CLANG_WARN_UNGUARDED_AVAILABILITY = YES_AGGRESSIVE;
				CLANG_WARN_UNREACHABLE_CODE = YES;
				CLANG_WARN__DUPLICATE_METHOD_MATCH = YES;
				COPY_PHASE_STRIP = NO;
				DEBUG_INFORMATION_FORMAT = dwarf;
				ENABLE_STRICT_OBJC_MSGSEND = YES;
				ENABLE_TESTABILITY = YES;
				GCC_C_LANGUAGE_STANDARD = gnu11;
				GCC_DYNAMIC_NO_PIC = NO;
				GCC_NO_COMMON_BLOCKS = YES;
				GCC_OPTIMIZATION_LEVEL = 0;
				GCC_PREPROCESSOR_DEFINITIONS = (
					"DEBUG=1",
					"$(inherited)",
				);
				GCC_WARN_64_TO_32_BIT_CONVERSION = YES;
				GCC_WARN_ABOUT_RETURN_TYPE = YES_ERROR;
				GCC_WARN_UNDECLARED_SELECTOR = YES;
				GCC_WARN_UNINITIALIZED_AUTOS = YES_AGGRESSIVE;
				GCC_WARN_UNUSED_FUNCTION = YES;
				GCC_WARN_UNUSED_VARIABLE = YES;
				IPHONEOS_DEPLOYMENT_TARGET = 13.0;
				MTL_ENABLE_DEBUG_INFO = INCLUDE_SOURCE;
				MTL_FAST_MATH = YES;
				ONLY_ACTIVE_ARCH = YES;
				SDKROOT = iphoneos;
				SWIFT_ACTIVE_COMPILATION_CONDITIONS = DEBUG;
				SWIFT_OPTIMIZATION_LEVEL = "-Onone";
			};
			name = Debug;
		};
		1238EAA223C7739C00328850 /* Release */ = {
			isa = XCBuildConfiguration;
			buildSettings = {
				ALWAYS_SEARCH_USER_PATHS = NO;
				CLANG_ANALYZER_NONNULL = YES;
				CLANG_ANALYZER_NUMBER_OBJECT_CONVERSION = YES_AGGRESSIVE;
				CLANG_CXX_LANGUAGE_STANDARD = "gnu++14";
				CLANG_CXX_LIBRARY = "libc++";
				CLANG_ENABLE_MODULES = YES;
				CLANG_ENABLE_OBJC_ARC = YES;
				CLANG_ENABLE_OBJC_WEAK = YES;
				CLANG_WARN_BLOCK_CAPTURE_AUTORELEASING = YES;
				CLANG_WARN_BOOL_CONVERSION = YES;
				CLANG_WARN_COMMA = YES;
				CLANG_WARN_CONSTANT_CONVERSION = YES;
				CLANG_WARN_DEPRECATED_OBJC_IMPLEMENTATIONS = YES;
				CLANG_WARN_DIRECT_OBJC_ISA_USAGE = YES_ERROR;
				CLANG_WARN_DOCUMENTATION_COMMENTS = YES;
				CLANG_WARN_EMPTY_BODY = YES;
				CLANG_WARN_ENUM_CONVERSION = YES;
				CLANG_WARN_INFINITE_RECURSION = YES;
				CLANG_WARN_INT_CONVERSION = YES;
				CLANG_WARN_NON_LITERAL_NULL_CONVERSION = YES;
				CLANG_WARN_OBJC_IMPLICIT_RETAIN_SELF = YES;
				CLANG_WARN_OBJC_LITERAL_CONVERSION = YES;
				CLANG_WARN_OBJC_ROOT_CLASS = YES_ERROR;
				CLANG_WARN_RANGE_LOOP_ANALYSIS = YES;
				CLANG_WARN_STRICT_PROTOTYPES = YES;
				CLANG_WARN_SUSPICIOUS_MOVE = YES;
				CLANG_WARN_UNGUARDED_AVAILABILITY = YES_AGGRESSIVE;
				CLANG_WARN_UNREACHABLE_CODE = YES;
				CLANG_WARN__DUPLICATE_METHOD_MATCH = YES;
				COPY_PHASE_STRIP = NO;
				DEBUG_INFORMATION_FORMAT = "dwarf-with-dsym";
				ENABLE_NS_ASSERTIONS = NO;
				ENABLE_STRICT_OBJC_MSGSEND = YES;
				GCC_C_LANGUAGE_STANDARD = gnu11;
				GCC_NO_COMMON_BLOCKS = YES;
				GCC_WARN_64_TO_32_BIT_CONVERSION = YES;
				GCC_WARN_ABOUT_RETURN_TYPE = YES_ERROR;
				GCC_WARN_UNDECLARED_SELECTOR = YES;
				GCC_WARN_UNINITIALIZED_AUTOS = YES_AGGRESSIVE;
				GCC_WARN_UNUSED_FUNCTION = YES;
				GCC_WARN_UNUSED_VARIABLE = YES;
				IPHONEOS_DEPLOYMENT_TARGET = 13.0;
				MTL_ENABLE_DEBUG_INFO = NO;
				MTL_FAST_MATH = YES;
				SDKROOT = iphoneos;
				SWIFT_COMPILATION_MODE = wholemodule;
				SWIFT_OPTIMIZATION_LEVEL = "-O";
				VALIDATE_PRODUCT = YES;
			};
			name = Release;
		};
		1238EAA423C7739C00328850 /* Debug */ = {
			isa = XCBuildConfiguration;
			buildSettings = {
				ASSETCATALOG_COMPILER_APPICON_NAME = AppIcon;
				CODE_SIGN_STYLE = Automatic;
				DEVELOPMENT_ASSET_PATHS = "\"NewsApp2/Preview Content\"";
				DEVELOPMENT_TEAM = TU25L7DJ8L;
				ENABLE_PREVIEWS = YES;
				INFOPLIST_FILE = NewsApp2/Info.plist;
				IPHONEOS_DEPLOYMENT_TARGET = 13.2;
				LD_RUNPATH_SEARCH_PATHS = (
					"$(inherited)",
					"@executable_path/Frameworks",
				);
				PRODUCT_BUNDLE_IDENTIFIER = melvinasare.NewsApp2;
				PRODUCT_NAME = "$(TARGET_NAME)";
				SWIFT_VERSION = 5.0;
				TARGETED_DEVICE_FAMILY = "1,2";
			};
			name = Debug;
		};
		1238EAA523C7739C00328850 /* Release */ = {
			isa = XCBuildConfiguration;
			buildSettings = {
				ASSETCATALOG_COMPILER_APPICON_NAME = AppIcon;
				CODE_SIGN_STYLE = Automatic;
				DEVELOPMENT_ASSET_PATHS = "\"NewsApp2/Preview Content\"";
				DEVELOPMENT_TEAM = TU25L7DJ8L;
				ENABLE_PREVIEWS = YES;
				INFOPLIST_FILE = NewsApp2/Info.plist;
				IPHONEOS_DEPLOYMENT_TARGET = 13.2;
				LD_RUNPATH_SEARCH_PATHS = (
					"$(inherited)",
					"@executable_path/Frameworks",
				);
				PRODUCT_BUNDLE_IDENTIFIER = melvinasare.NewsApp2;
				PRODUCT_NAME = "$(TARGET_NAME)";
				SWIFT_VERSION = 5.0;
				TARGETED_DEVICE_FAMILY = "1,2";
			};
			name = Release;
		};
		1238EAA723C7739C00328850 /* Debug */ = {
			isa = XCBuildConfiguration;
			buildSettings = {
				ALWAYS_EMBED_SWIFT_STANDARD_LIBRARIES = YES;
				BUNDLE_LOADER = "$(TEST_HOST)";
				CODE_SIGN_STYLE = Automatic;
				DEVELOPMENT_TEAM = TU25L7DJ8L;
				INFOPLIST_FILE = NewsApp2Tests/Info.plist;
				IPHONEOS_DEPLOYMENT_TARGET = 13.0;
				LD_RUNPATH_SEARCH_PATHS = (
					"$(inherited)",
					"@executable_path/Frameworks",
					"@loader_path/Frameworks",
				);
				PRODUCT_BUNDLE_IDENTIFIER = melvinasare.NewsApp2Tests;
				PRODUCT_NAME = "$(TARGET_NAME)";
				SWIFT_VERSION = 5.0;
				TARGETED_DEVICE_FAMILY = "1,2";
				TEST_HOST = "$(BUILT_PRODUCTS_DIR)/NewsApp2.app/NewsApp2";
			};
			name = Debug;
		};
		1238EAA823C7739C00328850 /* Release */ = {
			isa = XCBuildConfiguration;
			buildSettings = {
				ALWAYS_EMBED_SWIFT_STANDARD_LIBRARIES = YES;
				BUNDLE_LOADER = "$(TEST_HOST)";
				CODE_SIGN_STYLE = Automatic;
				DEVELOPMENT_TEAM = TU25L7DJ8L;
				INFOPLIST_FILE = NewsApp2Tests/Info.plist;
				IPHONEOS_DEPLOYMENT_TARGET = 13.0;
				LD_RUNPATH_SEARCH_PATHS = (
					"$(inherited)",
					"@executable_path/Frameworks",
					"@loader_path/Frameworks",
				);
				PRODUCT_BUNDLE_IDENTIFIER = melvinasare.NewsApp2Tests;
				PRODUCT_NAME = "$(TARGET_NAME)";
				SWIFT_VERSION = 5.0;
				TARGETED_DEVICE_FAMILY = "1,2";
				TEST_HOST = "$(BUILT_PRODUCTS_DIR)/NewsApp2.app/NewsApp2";
			};
			name = Release;
		};
		1238EAAA23C7739C00328850 /* Debug */ = {
			isa = XCBuildConfiguration;
			buildSettings = {
				ALWAYS_EMBED_SWIFT_STANDARD_LIBRARIES = YES;
				CODE_SIGN_STYLE = Automatic;
				DEVELOPMENT_TEAM = TU25L7DJ8L;
				INFOPLIST_FILE = NewsApp2UITests/Info.plist;
				LD_RUNPATH_SEARCH_PATHS = (
					"$(inherited)",
					"@executable_path/Frameworks",
					"@loader_path/Frameworks",
				);
				PRODUCT_BUNDLE_IDENTIFIER = melvinasare.NewsApp2UITests;
				PRODUCT_NAME = "$(TARGET_NAME)";
				SWIFT_VERSION = 5.0;
				TARGETED_DEVICE_FAMILY = "1,2";
				TEST_TARGET_NAME = NewsApp2;
			};
			name = Debug;
		};
		1238EAAB23C7739C00328850 /* Release */ = {
			isa = XCBuildConfiguration;
			buildSettings = {
				ALWAYS_EMBED_SWIFT_STANDARD_LIBRARIES = YES;
				CODE_SIGN_STYLE = Automatic;
				DEVELOPMENT_TEAM = TU25L7DJ8L;
				INFOPLIST_FILE = NewsApp2UITests/Info.plist;
				LD_RUNPATH_SEARCH_PATHS = (
					"$(inherited)",
					"@executable_path/Frameworks",
					"@loader_path/Frameworks",
				);
				PRODUCT_BUNDLE_IDENTIFIER = melvinasare.NewsApp2UITests;
				PRODUCT_NAME = "$(TARGET_NAME)";
				SWIFT_VERSION = 5.0;
				TARGETED_DEVICE_FAMILY = "1,2";
				TEST_TARGET_NAME = NewsApp2;
			};
			name = Release;
		};
/* End XCBuildConfiguration section */

/* Begin XCConfigurationList section */
		1238EA7423C7739200328850 /* Build configuration list for PBXProject "NewsApp2" */ = {
			isa = XCConfigurationList;
			buildConfigurations = (
				1238EAA123C7739C00328850 /* Debug */,
				1238EAA223C7739C00328850 /* Release */,
			);
			defaultConfigurationIsVisible = 0;
			defaultConfigurationName = Release;
		};
		1238EAA323C7739C00328850 /* Build configuration list for PBXNativeTarget "NewsApp2" */ = {
			isa = XCConfigurationList;
			buildConfigurations = (
				1238EAA423C7739C00328850 /* Debug */,
				1238EAA523C7739C00328850 /* Release */,
			);
			defaultConfigurationIsVisible = 0;
			defaultConfigurationName = Release;
		};
		1238EAA623C7739C00328850 /* Build configuration list for PBXNativeTarget "NewsApp2Tests" */ = {
			isa = XCConfigurationList;
			buildConfigurations = (
				1238EAA723C7739C00328850 /* Debug */,
				1238EAA823C7739C00328850 /* Release */,
			);
			defaultConfigurationIsVisible = 0;
			defaultConfigurationName = Release;
		};
		1238EAA923C7739C00328850 /* Build configuration list for PBXNativeTarget "NewsApp2UITests" */ = {
			isa = XCConfigurationList;
			buildConfigurations = (
				1238EAAA23C7739C00328850 /* Debug */,
				1238EAAB23C7739C00328850 /* Release */,
			);
			defaultConfigurationIsVisible = 0;
			defaultConfigurationName = Release;
		};
/* End XCConfigurationList section */
	};
	rootObject = 1238EA7123C7739200328850 /* Project object */;
}
